
Microsoft Visual Studio Solution File, Format Version 12.00
# Visual Studio Version 16
VisualStudioVersion = 16.0.30011.22
MinimumVisualStudioVersion = 10.0.40219.1
Project("{FAE04EC0-301F-11D3-BF4B-00C04F79EFBC}") = "AZ_BackEnd", "AZ_BackEnd.csproj", "{EA258F79-1FFA-49D0-81AF-806F7C1836AA}"
EndProject
Global
	GlobalSection(SolutionConfigurationPlatforms) = preSolution
		Debug|Any CPU = Debug|Any CPU
		Release|Any CPU = Release|Any CPU
	EndGlobalSection
	GlobalSection(ProjectConfigurationPlatforms) = postSolution
		{EA258F79-1FFA-49D0-81AF-806F7C1836AA}.Debug|Any CPU.ActiveCfg = Debug|Any CPU
		{EA258F79-1FFA-49D0-81AF-806F7C1836AA}.Debug|Any CPU.Build.0 = Debug|Any CPU
		{EA258F79-1FFA-49D0-81AF-806F7C1836AA}.Release|Any CPU.ActiveCfg = Release|Any CPU
		{EA258F79-1FFA-49D0-81AF-806F7C1836AA}.Release|Any CPU.Build.0 = Release|Any CPU
	EndGlobalSection
	GlobalSection(SolutionProperties) = preSolution
		HideSolutionNode = FALSE
	EndGlobalSection
	GlobalSection(ExtensibilityGlobals) = postSolution
		SolutionGuid = {74EA174F-B472-479E-B0BC-053C6B3C6143}
	EndGlobalSection
EndGlobal
